
Microsoft Visual Studio Solution File, Format Version 12.00
# Visual Studio 15
VisualStudioVersion = 15.0.27703.2035
MinimumVisualStudioVersion = 10.0.40219.1
Project("{FAE04EC0-301F-11D3-BF4B-00C04F79EFBC}") = "xsl", "xsl\xsl.csproj", "{6BA7781A-0A81-4B65-A5DE-1292C5F9B482}"
EndProject
Global
	GlobalSection(SolutionConfigurationPlatforms) = preSolution
		Debug|Any CPU = Debug|Any CPU
		Release|Any CPU = Release|Any CPU
	EndGlobalSection
	GlobalSection(ProjectConfigurationPlatforms) = postSolution
		{6BA7781A-0A81-4B65-A5DE-1292C5F9B482}.Debug|Any CPU.ActiveCfg = Debug|Any CPU
		{6BA7781A-0A81-4B65-A5DE-1292C5F9B482}.Debug|Any CPU.Build.0 = Debug|Any CPU
		{6BA7781A-0A81-4B65-A5DE-1292C5F9B482}.Release|Any CPU.ActiveCfg = Release|Any CPU
		{6BA7781A-0A81-4B65-A5DE-1292C5F9B482}.Release|Any CPU.Build.0 = Release|Any CPU
	EndGlobalSection
	GlobalSection(SolutionProperties) = preSolution
		HideSolutionNode = FALSE
	EndGlobalSection
	GlobalSection(ExtensibilityGlobals) = postSolution
		SolutionGuid = {5ED7689B-737D-4506-8E06-28845ABB7E8B}
	EndGlobalSection
	GlobalSection(TeamFoundationVersionControl) = preSolution
		SccNumberOfProjects = 2
		SccEnterpriseProvider = {4CA58AB2-18FA-4F8D-95D4-32DDF27D184C}
		SccTeamFoundationServer = https://lovettsoftware.visualstudio.com/
		SccLocalPath0 = .
		SccProjectUniqueName1 = xsl\\xsl.csproj
		SccProjectName1 = xsl
		SccLocalPath1 = xsl
	EndGlobalSection
EndGlobal
