
Microsoft Visual Studio Solution File, Format Version 12.00
# Visual Studio 14
VisualStudioVersion = 14.0.24720.0
MinimumVisualStudioVersion = 10.0.40219.1
Project("{FAE04EC0-301F-11D3-BF4B-00C04F79EFBC}") = "SmartSockets", "SmartSockets\SmartSockets.csproj", "{DC988ABE-5D2E-474A-80CB-6E6640B2590A}"
EndProject
Project("{FAE04EC0-301F-11D3-BF4B-00C04F79EFBC}") = "TestServer", "TestServer\TestServer.csproj", "{A980474B-1593-4686-8A10-3BC8EC262F21}"
EndProject
Project("{FAE04EC0-301F-11D3-BF4B-00C04F79EFBC}") = "TestClient", "TestClient\TestClient.csproj", "{24F1D720-DA1D-411E-8B67-BC0A2164783B}"
EndProject
Project("{FAE04EC0-301F-11D3-BF4B-00C04F79EFBC}") = "SmartSocketsDesktop", "SmartSocketsDesktop\SmartSocketsDesktop.csproj", "{BBFD8EAA-F8BD-4FE3-A947-D85EA1CE8D8D}"
EndProject
Project("{FAE04EC0-301F-11D3-BF4B-00C04F79EFBC}") = "TestServerDesktop", "TestServerDesktop\TestServerDesktop.csproj", "{434576CA-0F82-4AAD-94F0-28D8FCF33EF3}"
EndProject
Project("{FAE04EC0-301F-11D3-BF4B-00C04F79EFBC}") = "TestClientDesktop", "TestClientDesktop\TestClientDesktop.csproj", "{22F5CF83-306D-4A43-BB66-3936F3A961C6}"
EndProject
Project("{FAE04EC0-301F-11D3-BF4B-00C04F79EFBC}") = "UnitTestDesktop", "UnitTestDesktop\UnitTestDesktop.csproj", "{8ED93BD7-8B8E-4386-A429-AE75FCB7B1A6}"
EndProject
Global
	GlobalSection(SolutionConfigurationPlatforms) = preSolution
		Debug|Any CPU = Debug|Any CPU
		Debug|ARM = Debug|ARM
		Debug|x64 = Debug|x64
		Debug|x86 = Debug|x86
		Release|Any CPU = Release|Any CPU
		Release|ARM = Release|ARM
		Release|x64 = Release|x64
		Release|x86 = Release|x86
	EndGlobalSection
	GlobalSection(ProjectConfigurationPlatforms) = postSolution
		{DC988ABE-5D2E-474A-80CB-6E6640B2590A}.Debug|Any CPU.ActiveCfg = Debug|Any CPU
		{DC988ABE-5D2E-474A-80CB-6E6640B2590A}.Debug|Any CPU.Build.0 = Debug|Any CPU
		{DC988ABE-5D2E-474A-80CB-6E6640B2590A}.Debug|ARM.ActiveCfg = Debug|ARM
		{DC988ABE-5D2E-474A-80CB-6E6640B2590A}.Debug|ARM.Build.0 = Debug|ARM
		{DC988ABE-5D2E-474A-80CB-6E6640B2590A}.Debug|x64.ActiveCfg = Debug|x64
		{DC988ABE-5D2E-474A-80CB-6E6640B2590A}.Debug|x64.Build.0 = Debug|x64
		{DC988ABE-5D2E-474A-80CB-6E6640B2590A}.Debug|x86.ActiveCfg = Debug|x86
		{DC988ABE-5D2E-474A-80CB-6E6640B2590A}.Debug|x86.Build.0 = Debug|x86
		{DC988ABE-5D2E-474A-80CB-6E6640B2590A}.Release|Any CPU.ActiveCfg = Release|Any CPU
		{DC988ABE-5D2E-474A-80CB-6E6640B2590A}.Release|Any CPU.Build.0 = Release|Any CPU
		{DC988ABE-5D2E-474A-80CB-6E6640B2590A}.Release|ARM.ActiveCfg = Release|ARM
		{DC988ABE-5D2E-474A-80CB-6E6640B2590A}.Release|ARM.Build.0 = Release|ARM
		{DC988ABE-5D2E-474A-80CB-6E6640B2590A}.Release|x64.ActiveCfg = Release|x64
		{DC988ABE-5D2E-474A-80CB-6E6640B2590A}.Release|x64.Build.0 = Release|x64
		{DC988ABE-5D2E-474A-80CB-6E6640B2590A}.Release|x86.ActiveCfg = Release|x86
		{DC988ABE-5D2E-474A-80CB-6E6640B2590A}.Release|x86.Build.0 = Release|x86
		{A980474B-1593-4686-8A10-3BC8EC262F21}.Debug|Any CPU.ActiveCfg = Debug|x86
		{A980474B-1593-4686-8A10-3BC8EC262F21}.Debug|ARM.ActiveCfg = Debug|ARM
		{A980474B-1593-4686-8A10-3BC8EC262F21}.Debug|ARM.Build.0 = Debug|ARM
		{A980474B-1593-4686-8A10-3BC8EC262F21}.Debug|ARM.Deploy.0 = Debug|ARM
		{A980474B-1593-4686-8A10-3BC8EC262F21}.Debug|x64.ActiveCfg = Debug|x64
		{A980474B-1593-4686-8A10-3BC8EC262F21}.Debug|x64.Build.0 = Debug|x64
		{A980474B-1593-4686-8A10-3BC8EC262F21}.Debug|x64.Deploy.0 = Debug|x64
		{A980474B-1593-4686-8A10-3BC8EC262F21}.Debug|x86.ActiveCfg = Debug|x86
		{A980474B-1593-4686-8A10-3BC8EC262F21}.Debug|x86.Build.0 = Debug|x86
		{A980474B-1593-4686-8A10-3BC8EC262F21}.Debug|x86.Deploy.0 = Debug|x86
		{A980474B-1593-4686-8A10-3BC8EC262F21}.Release|Any CPU.ActiveCfg = Release|x86
		{A980474B-1593-4686-8A10-3BC8EC262F21}.Release|ARM.ActiveCfg = Release|ARM
		{A980474B-1593-4686-8A10-3BC8EC262F21}.Release|ARM.Build.0 = Release|ARM
		{A980474B-1593-4686-8A10-3BC8EC262F21}.Release|ARM.Deploy.0 = Release|ARM
		{A980474B-1593-4686-8A10-3BC8EC262F21}.Release|x64.ActiveCfg = Release|x64
		{A980474B-1593-4686-8A10-3BC8EC262F21}.Release|x64.Build.0 = Release|x64
		{A980474B-1593-4686-8A10-3BC8EC262F21}.Release|x64.Deploy.0 = Release|x64
		{A980474B-1593-4686-8A10-3BC8EC262F21}.Release|x86.ActiveCfg = Release|x86
		{A980474B-1593-4686-8A10-3BC8EC262F21}.Release|x86.Build.0 = Release|x86
		{A980474B-1593-4686-8A10-3BC8EC262F21}.Release|x86.Deploy.0 = Release|x86
		{24F1D720-DA1D-411E-8B67-BC0A2164783B}.Debug|Any CPU.ActiveCfg = Debug|x86
		{24F1D720-DA1D-411E-8B67-BC0A2164783B}.Debug|ARM.ActiveCfg = Debug|ARM
		{24F1D720-DA1D-411E-8B67-BC0A2164783B}.Debug|ARM.Build.0 = Debug|ARM
		{24F1D720-DA1D-411E-8B67-BC0A2164783B}.Debug|ARM.Deploy.0 = Debug|ARM
		{24F1D720-DA1D-411E-8B67-BC0A2164783B}.Debug|x64.ActiveCfg = Debug|x64
		{24F1D720-DA1D-411E-8B67-BC0A2164783B}.Debug|x64.Build.0 = Debug|x64
		{24F1D720-DA1D-411E-8B67-BC0A2164783B}.Debug|x64.Deploy.0 = Debug|x64
		{24F1D720-DA1D-411E-8B67-BC0A2164783B}.Debug|x86.ActiveCfg = Debug|x86
		{24F1D720-DA1D-411E-8B67-BC0A2164783B}.Debug|x86.Build.0 = Debug|x86
		{24F1D720-DA1D-411E-8B67-BC0A2164783B}.Debug|x86.Deploy.0 = Debug|x86
		{24F1D720-DA1D-411E-8B67-BC0A2164783B}.Release|Any CPU.ActiveCfg = Release|x86
		{24F1D720-DA1D-411E-8B67-BC0A2164783B}.Release|ARM.ActiveCfg = Release|ARM
		{24F1D720-DA1D-411E-8B67-BC0A2164783B}.Release|ARM.Build.0 = Release|ARM
		{24F1D720-DA1D-411E-8B67-BC0A2164783B}.Release|ARM.Deploy.0 = Release|ARM
		{24F1D720-DA1D-411E-8B67-BC0A2164783B}.Release|x64.ActiveCfg = Release|x64
		{24F1D720-DA1D-411E-8B67-BC0A2164783B}.Release|x64.Build.0 = Release|x64
		{24F1D720-DA1D-411E-8B67-BC0A2164783B}.Release|x64.Deploy.0 = Release|x64
		{24F1D720-DA1D-411E-8B67-BC0A2164783B}.Release|x86.ActiveCfg = Release|x86
		{24F1D720-DA1D-411E-8B67-BC0A2164783B}.Release|x86.Build.0 = Release|x86
		{24F1D720-DA1D-411E-8B67-BC0A2164783B}.Release|x86.Deploy.0 = Release|x86
		{BBFD8EAA-F8BD-4FE3-A947-D85EA1CE8D8D}.Debug|Any CPU.ActiveCfg = Debug|Any CPU
		{BBFD8EAA-F8BD-4FE3-A947-D85EA1CE8D8D}.Debug|Any CPU.Build.0 = Debug|Any CPU
		{BBFD8EAA-F8BD-4FE3-A947-D85EA1CE8D8D}.Debug|ARM.ActiveCfg = Debug|Any CPU
		{BBFD8EAA-F8BD-4FE3-A947-D85EA1CE8D8D}.Debug|ARM.Build.0 = Debug|Any CPU
		{BBFD8EAA-F8BD-4FE3-A947-D85EA1CE8D8D}.Debug|x64.ActiveCfg = Debug|Any CPU
		{BBFD8EAA-F8BD-4FE3-A947-D85EA1CE8D8D}.Debug|x64.Build.0 = Debug|Any CPU
		{BBFD8EAA-F8BD-4FE3-A947-D85EA1CE8D8D}.Debug|x86.ActiveCfg = Debug|Any CPU
		{BBFD8EAA-F8BD-4FE3-A947-D85EA1CE8D8D}.Debug|x86.Build.0 = Debug|Any CPU
		{BBFD8EAA-F8BD-4FE3-A947-D85EA1CE8D8D}.Release|Any CPU.ActiveCfg = Release|Any CPU
		{BBFD8EAA-F8BD-4FE3-A947-D85EA1CE8D8D}.Release|Any CPU.Build.0 = Release|Any CPU
		{BBFD8EAA-F8BD-4FE3-A947-D85EA1CE8D8D}.Release|ARM.ActiveCfg = Release|Any CPU
		{BBFD8EAA-F8BD-4FE3-A947-D85EA1CE8D8D}.Release|ARM.Build.0 = Release|Any CPU
		{BBFD8EAA-F8BD-4FE3-A947-D85EA1CE8D8D}.Release|x64.ActiveCfg = Release|Any CPU
		{BBFD8EAA-F8BD-4FE3-A947-D85EA1CE8D8D}.Release|x64.Build.0 = Release|Any CPU
		{BBFD8EAA-F8BD-4FE3-A947-D85EA1CE8D8D}.Release|x86.ActiveCfg = Release|Any CPU
		{BBFD8EAA-F8BD-4FE3-A947-D85EA1CE8D8D}.Release|x86.Build.0 = Release|Any CPU
		{434576CA-0F82-4AAD-94F0-28D8FCF33EF3}.Debug|Any CPU.ActiveCfg = Debug|Any CPU
		{434576CA-0F82-4AAD-94F0-28D8FCF33EF3}.Debug|Any CPU.Build.0 = Debug|Any CPU
		{434576CA-0F82-4AAD-94F0-28D8FCF33EF3}.Debug|ARM.ActiveCfg = Debug|Any CPU
		{434576CA-0F82-4AAD-94F0-28D8FCF33EF3}.Debug|ARM.Build.0 = Debug|Any CPU
		{434576CA-0F82-4AAD-94F0-28D8FCF33EF3}.Debug|x64.ActiveCfg = Debug|Any CPU
		{434576CA-0F82-4AAD-94F0-28D8FCF33EF3}.Debug|x64.Build.0 = Debug|Any CPU
		{434576CA-0F82-4AAD-94F0-28D8FCF33EF3}.Debug|x86.ActiveCfg = Debug|Any CPU
		{434576CA-0F82-4AAD-94F0-28D8FCF33EF3}.Debug|x86.Build.0 = Debug|Any CPU
		{434576CA-0F82-4AAD-94F0-28D8FCF33EF3}.Release|Any CPU.ActiveCfg = Release|Any CPU
		{434576CA-0F82-4AAD-94F0-28D8FCF33EF3}.Release|Any CPU.Build.0 = Release|Any CPU
		{434576CA-0F82-4AAD-94F0-28D8FCF33EF3}.Release|ARM.ActiveCfg = Release|Any CPU
		{434576CA-0F82-4AAD-94F0-28D8FCF33EF3}.Release|ARM.Build.0 = Release|Any CPU
		{434576CA-0F82-4AAD-94F0-28D8FCF33EF3}.Release|x64.ActiveCfg = Release|Any CPU
		{434576CA-0F82-4AAD-94F0-28D8FCF33EF3}.Release|x64.Build.0 = Release|Any CPU
		{434576CA-0F82-4AAD-94F0-28D8FCF33EF3}.Release|x86.ActiveCfg = Release|Any CPU
		{434576CA-0F82-4AAD-94F0-28D8FCF33EF3}.Release|x86.Build.0 = Release|Any CPU
		{22F5CF83-306D-4A43-BB66-3936F3A961C6}.Debug|Any CPU.ActiveCfg = Debug|Any CPU
		{22F5CF83-306D-4A43-BB66-3936F3A961C6}.Debug|Any CPU.Build.0 = Debug|Any CPU
		{22F5CF83-306D-4A43-BB66-3936F3A961C6}.Debug|ARM.ActiveCfg = Debug|Any CPU
		{22F5CF83-306D-4A43-BB66-3936F3A961C6}.Debug|ARM.Build.0 = Debug|Any CPU
		{22F5CF83-306D-4A43-BB66-3936F3A961C6}.Debug|x64.ActiveCfg = Debug|Any CPU
		{22F5CF83-306D-4A43-BB66-3936F3A961C6}.Debug|x64.Build.0 = Debug|Any CPU
		{22F5CF83-306D-4A43-BB66-3936F3A961C6}.Debug|x86.ActiveCfg = Debug|Any CPU
		{22F5CF83-306D-4A43-BB66-3936F3A961C6}.Debug|x86.Build.0 = Debug|Any CPU
		{22F5CF83-306D-4A43-BB66-3936F3A961C6}.Release|Any CPU.ActiveCfg = Release|Any CPU
		{22F5CF83-306D-4A43-BB66-3936F3A961C6}.Release|Any CPU.Build.0 = Release|Any CPU
		{22F5CF83-306D-4A43-BB66-3936F3A961C6}.Release|ARM.ActiveCfg = Release|Any CPU
		{22F5CF83-306D-4A43-BB66-3936F3A961C6}.Release|ARM.Build.0 = Release|Any CPU
		{22F5CF83-306D-4A43-BB66-3936F3A961C6}.Release|x64.ActiveCfg = Release|Any CPU
		{22F5CF83-306D-4A43-BB66-3936F3A961C6}.Release|x64.Build.0 = Release|Any CPU
		{22F5CF83-306D-4A43-BB66-3936F3A961C6}.Release|x86.ActiveCfg = Release|Any CPU
		{22F5CF83-306D-4A43-BB66-3936F3A961C6}.Release|x86.Build.0 = Release|Any CPU
		{8ED93BD7-8B8E-4386-A429-AE75FCB7B1A6}.Debug|Any CPU.ActiveCfg = Debug|Any CPU
		{8ED93BD7-8B8E-4386-A429-AE75FCB7B1A6}.Debug|Any CPU.Build.0 = Debug|Any CPU
		{8ED93BD7-8B8E-4386-A429-AE75FCB7B1A6}.Debug|ARM.ActiveCfg = Debug|Any CPU
		{8ED93BD7-8B8E-4386-A429-AE75FCB7B1A6}.Debug|ARM.Build.0 = Debug|Any CPU
		{8ED93BD7-8B8E-4386-A429-AE75FCB7B1A6}.Debug|x64.ActiveCfg = Debug|Any CPU
		{8ED93BD7-8B8E-4386-A429-AE75FCB7B1A6}.Debug|x64.Build.0 = Debug|Any CPU
		{8ED93BD7-8B8E-4386-A429-AE75FCB7B1A6}.Debug|x86.ActiveCfg = Debug|Any CPU
		{8ED93BD7-8B8E-4386-A429-AE75FCB7B1A6}.Debug|x86.Build.0 = Debug|Any CPU
		{8ED93BD7-8B8E-4386-A429-AE75FCB7B1A6}.Release|Any CPU.ActiveCfg = Release|Any CPU
		{8ED93BD7-8B8E-4386-A429-AE75FCB7B1A6}.Release|Any CPU.Build.0 = Release|Any CPU
		{8ED93BD7-8B8E-4386-A429-AE75FCB7B1A6}.Release|ARM.ActiveCfg = Release|Any CPU
		{8ED93BD7-8B8E-4386-A429-AE75FCB7B1A6}.Release|ARM.Build.0 = Release|Any CPU
		{8ED93BD7-8B8E-4386-A429-AE75FCB7B1A6}.Release|x64.ActiveCfg = Release|Any CPU
		{8ED93BD7-8B8E-4386-A429-AE75FCB7B1A6}.Release|x64.Build.0 = Release|Any CPU
		{8ED93BD7-8B8E-4386-A429-AE75FCB7B1A6}.Release|x86.ActiveCfg = Release|Any CPU
		{8ED93BD7-8B8E-4386-A429-AE75FCB7B1A6}.Release|x86.Build.0 = Release|Any CPU
	EndGlobalSection
	GlobalSection(SolutionProperties) = preSolution
		HideSolutionNode = FALSE
	EndGlobalSection
	GlobalSection(TeamFoundationVersionControl) = preSolution
		SccNumberOfProjects = 8
		SccEnterpriseProvider = {4CA58AB2-18FA-4F8D-95D4-32DDF27D184C}
		SccTeamFoundationServer = https://lovettsoftware.visualstudio.com/defaultcollection
		SccLocalPath0 = .
		SccProjectUniqueName1 = SmartSockets\\SmartSockets.csproj
		SccProjectName1 = SmartSockets
		SccLocalPath1 = SmartSockets
		SccProjectUniqueName2 = SmartSocketsDesktop\\SmartSocketsDesktop.csproj
		SccProjectName2 = SmartSocketsDesktop
		SccLocalPath2 = SmartSocketsDesktop
		SccProjectUniqueName3 = TestClient\\TestClient.csproj
		SccProjectName3 = TestClient
		SccLocalPath3 = TestClient
		SccProjectUniqueName4 = TestClientDesktop\\TestClientDesktop.csproj
		SccProjectName4 = TestClientDesktop
		SccLocalPath4 = TestClientDesktop
		SccProjectUniqueName5 = TestServer\\TestServer.csproj
		SccProjectName5 = TestServer
		SccLocalPath5 = TestServer
		SccProjectUniqueName6 = TestServerDesktop\\TestServerDesktop.csproj
		SccProjectName6 = TestServerDesktop
		SccLocalPath6 = TestServerDesktop
		SccProjectUniqueName7 = UnitTestDesktop\\UnitTestDesktop.csproj
		SccProjectName7 = UnitTestDesktop
		SccLocalPath7 = UnitTestDesktop
	EndGlobalSection
EndGlobal
