
Microsoft Visual Studio Solution File, Format Version 12.00
# Visual Studio Version 16
VisualStudioVersion = 16.0.29209.152
MinimumVisualStudioVersion = 10.0.40219.1
Project("{9A19103F-16F7-4668-BE54-9A1E7A4F7556}") = "TestServer", "TestServer\TestServer.csproj", "{EA887F2A-D6DF-4A8F-8AFC-11B1BBC5B6B4}"
EndProject
Project("{9A19103F-16F7-4668-BE54-9A1E7A4F7556}") = "SmartSockets", "SmartSockets\SmartSockets.csproj", "{B00B4F61-BFDB-4BA7-BBBE-9C387FBF27D3}"
EndProject
Project("{FAE04EC0-301F-11D3-BF4B-00C04F79EFBC}") = "TestInterface", "TestInterface\TestInterface.csproj", "{63DE81DA-4E84-4622-8A89-B9C2FAAC850D}"
EndProject
Global
	GlobalSection(SolutionConfigurationPlatforms) = preSolution
		Debug|Any CPU = Debug|Any CPU
		Release|Any CPU = Release|Any CPU
	EndGlobalSection
	GlobalSection(ProjectConfigurationPlatforms) = postSolution
		{EA887F2A-D6DF-4A8F-8AFC-11B1BBC5B6B4}.Debug|Any CPU.ActiveCfg = Debug|Any CPU
		{EA887F2A-D6DF-4A8F-8AFC-11B1BBC5B6B4}.Debug|Any CPU.Build.0 = Debug|Any CPU
		{EA887F2A-D6DF-4A8F-8AFC-11B1BBC5B6B4}.Release|Any CPU.ActiveCfg = Release|Any CPU
		{EA887F2A-D6DF-4A8F-8AFC-11B1BBC5B6B4}.Release|Any CPU.Build.0 = Release|Any CPU
		{B00B4F61-BFDB-4BA7-BBBE-9C387FBF27D3}.Debug|Any CPU.ActiveCfg = Debug|Any CPU
		{B00B4F61-BFDB-4BA7-BBBE-9C387FBF27D3}.Debug|Any CPU.Build.0 = Debug|Any CPU
		{B00B4F61-BFDB-4BA7-BBBE-9C387FBF27D3}.Release|Any CPU.ActiveCfg = Release|Any CPU
		{B00B4F61-BFDB-4BA7-BBBE-9C387FBF27D3}.Release|Any CPU.Build.0 = Release|Any CPU
		{63DE81DA-4E84-4622-8A89-B9C2FAAC850D}.Debug|Any CPU.ActiveCfg = Debug|Any CPU
		{63DE81DA-4E84-4622-8A89-B9C2FAAC850D}.Debug|Any CPU.Build.0 = Debug|Any CPU
		{63DE81DA-4E84-4622-8A89-B9C2FAAC850D}.Release|Any CPU.ActiveCfg = Release|Any CPU
		{63DE81DA-4E84-4622-8A89-B9C2FAAC850D}.Release|Any CPU.Build.0 = Release|Any CPU
	EndGlobalSection
	GlobalSection(SolutionProperties) = preSolution
		HideSolutionNode = FALSE
	EndGlobalSection
	GlobalSection(ExtensibilityGlobals) = postSolution
		SolutionGuid = {BE2FC19E-FF84-4717-8F32-4B1C0A8C94FE}
	EndGlobalSection
EndGlobal
