<?xml version="1.0" encoding="utf-8"?>
<Project ToolsVersion="4.0" xmlns="http://schemas.microsoft.com/developer/msbuild/2003">
  <ItemGroup>
    <Filter Include="Source Files">
      <UniqueIdentifier>{4FC737F1-C7A5-4376-A066-2A32D752A2FF}</UniqueIdentifier>
      <Extensions>cpp;c;cc;cxx;def;odl;idl;hpj;bat;asm;asmx</Extensions>
    </Filter>
    <Filter Include="Header Files">
      <UniqueIdentifier>{93995380-89BD-4b04-88EB-625FBE52EBFB}</UniqueIdentifier>
      <Extensions>h;hh;hpp;hxx;hm;inl;inc;xsd</Extensions>
    </Filter>
    <Filter Include="Resource Files">
      <UniqueIdentifier>{67DA6AB6-F800-4c08-8B7A-83BB121AAD01}</UniqueIdentifier>
      <Extensions>rc;ico;cur;bmp;dlg;rc2;rct;bin;rgs;gif;jpg;jpeg;jpe;resx;tiff;tif;png;wav;mfcribbon-ms</Extensions>
    </Filter>
  </ItemGroup>
  <ItemGroup>
    <Text Include="ReadMe.txt" />
  </ItemGroup>
  <ItemGroup>
    <ClInclude Include="stdafx.h">
      <Filter>Header Files</Filter>
    </ClInclude>
    <ClInclude Include="targetver.h">
      <Filter>Header Files</Filter>
    </ClInclude>
    <ClInclude Include="utils.h">
      <Filter>Header Files</Filter>
    </ClInclude>
    <ClInclude Include="parser.h">
      <Filter>Header Files</Filter>
    </ClInclude>
    <ClInclude Include="darknet.h">
      <Filter>Header Files</Filter>
    </ClInclude>
    <ClInclude Include="network.h">
      <Filter>Header Files</Filter>
    </ClInclude>
    <ClInclude Include="convolutional_layer.h">
      <Filter>Header Files</Filter>
    </ClInclude>
    <ClInclude Include="layer.h">
      <Filter>Header Files</Filter>
    </ClInclude>
    <ClInclude Include="gemm.h">
      <Filter>Header Files</Filter>
    </ClInclude>
    <ClInclude Include="blas.h">
      <Filter>Header Files</Filter>
    </ClInclude>
    <ClInclude Include="batchnorm_layer.h">
      <Filter>Header Files</Filter>
    </ClInclude>
    <ClInclude Include="image.h">
      <Filter>Header Files</Filter>
    </ClInclude>
    <ClInclude Include="box.h">
      <Filter>Header Files</Filter>
    </ClInclude>
    <ClInclude Include="stb_image.h">
      <Filter>Header Files</Filter>
    </ClInclude>
    <ClInclude Include="stb_image_write.h">
      <Filter>Header Files</Filter>
    </ClInclude>
    <ClInclude Include="list.h">
      <Filter>Header Files</Filter>
    </ClInclude>
    <ClInclude Include="im2col.h">
      <Filter>Header Files</Filter>
    </ClInclude>
    <ClInclude Include="col2im.h">
      <Filter>Header Files</Filter>
    </ClInclude>
    <ClInclude Include="activation_layer.h">
      <Filter>Header Files</Filter>
    </ClInclude>
    <ClInclude Include="activations.h">
      <Filter>Header Files</Filter>
    </ClInclude>
    <ClInclude Include="avgpool_layer.h">
      <Filter>Header Files</Filter>
    </ClInclude>
    <ClInclude Include="connected_layer.h">
      <Filter>Header Files</Filter>
    </ClInclude>
    <ClInclude Include="deconvolutional_layer.h">
      <Filter>Header Files</Filter>
    </ClInclude>
    <ClInclude Include="cost_layer.h">
      <Filter>Header Files</Filter>
    </ClInclude>
    <ClInclude Include="crnn_layer.h">
      <Filter>Header Files</Filter>
    </ClInclude>
    <ClInclude Include="crop_layer.h">
      <Filter>Header Files</Filter>
    </ClInclude>
    <ClInclude Include="detection_layer.h">
      <Filter>Header Files</Filter>
    </ClInclude>
    <ClInclude Include="dropout_layer.h">
      <Filter>Header Files</Filter>
    </ClInclude>
    <ClInclude Include="gru_layer.h">
      <Filter>Header Files</Filter>
    </ClInclude>
    <ClInclude Include="local_layer.h">
      <Filter>Header Files</Filter>
    </ClInclude>
    <ClInclude Include="maxpool_layer.h">
      <Filter>Header Files</Filter>
    </ClInclude>
    <ClInclude Include="normalization_layer.h">
      <Filter>Header Files</Filter>
    </ClInclude>
    <ClInclude Include="option_list.h">
      <Filter>Header Files</Filter>
    </ClInclude>
    <ClInclude Include="region_layer.h">
      <Filter>Header Files</Filter>
    </ClInclude>
    <ClInclude Include="reorg_layer.h">
      <Filter>Header Files</Filter>
    </ClInclude>
    <ClInclude Include="rnn_layer.h">
      <Filter>Header Files</Filter>
    </ClInclude>
    <ClInclude Include="route_layer.h">
      <Filter>Header Files</Filter>
    </ClInclude>
    <ClInclude Include="shortcut_layer.h">
      <Filter>Header Files</Filter>
    </ClInclude>
    <ClInclude Include="softmax_layer.h">
      <Filter>Header Files</Filter>
    </ClInclude>
    <ClInclude Include="lstm_layer.h">
      <Filter>Header Files</Filter>
    </ClInclude>
    <ClInclude Include="data.h">
      <Filter>Header Files</Filter>
    </ClInclude>
    <ClInclude Include="tree.h">
      <Filter>Header Files</Filter>
    </ClInclude>
    <ClInclude Include="matrix.h">
      <Filter>Header Files</Filter>
    </ClInclude>
  </ItemGroup>
  <ItemGroup>
    <ClCompile Include="stdafx.cpp">
      <Filter>Source Files</Filter>
    </ClCompile>
    <ClCompile Include="darknet.cpp">
      <Filter>Source Files</Filter>
    </ClCompile>
    <ClCompile Include="classifier.c">
      <Filter>Source Files</Filter>
    </ClCompile>
    <ClCompile Include="utils.c">
      <Filter>Source Files</Filter>
    </ClCompile>
    <ClCompile Include="parser.c">
      <Filter>Source Files</Filter>
    </ClCompile>
    <ClCompile Include="network.c">
      <Filter>Source Files</Filter>
    </ClCompile>
    <ClCompile Include="convolutional_layer.c">
      <Filter>Source Files</Filter>
    </ClCompile>
    <ClCompile Include="gemm.c">
      <Filter>Source Files</Filter>
    </ClCompile>
    <ClCompile Include="blas.c">
      <Filter>Source Files</Filter>
    </ClCompile>
    <ClCompile Include="box.c">
      <Filter>Source Files</Filter>
    </ClCompile>
    <ClCompile Include="image.c">
      <Filter>Source Files</Filter>
    </ClCompile>
    <ClCompile Include="list.c">
      <Filter>Source Files</Filter>
    </ClCompile>
    <ClCompile Include="im2col.c">
      <Filter>Source Files</Filter>
    </ClCompile>
    <ClCompile Include="col2im.c">
      <Filter>Source Files</Filter>
    </ClCompile>
    <ClCompile Include="batchnorm_layer.c">
      <Filter>Source Files</Filter>
    </ClCompile>
    <ClCompile Include="activation_layer.c">
      <Filter>Source Files</Filter>
    </ClCompile>
    <ClCompile Include="activations.c">
      <Filter>Source Files</Filter>
    </ClCompile>
    <ClCompile Include="avgpool_layer.c">
      <Filter>Source Files</Filter>
    </ClCompile>
    <ClCompile Include="connected_layer.c">
      <Filter>Source Files</Filter>
    </ClCompile>
    <ClCompile Include="deconvolutional_layer.c">
      <Filter>Source Files</Filter>
    </ClCompile>
    <ClCompile Include="cost_layer.c">
      <Filter>Source Files</Filter>
    </ClCompile>
    <ClCompile Include="crnn_layer.c">
      <Filter>Source Files</Filter>
    </ClCompile>
    <ClCompile Include="crop_layer.c">
      <Filter>Source Files</Filter>
    </ClCompile>
    <ClCompile Include="detection_layer.c">
      <Filter>Source Files</Filter>
    </ClCompile>
    <ClCompile Include="dropout_layer.c">
      <Filter>Source Files</Filter>
    </ClCompile>
    <ClCompile Include="gru_layer.c">
      <Filter>Source Files</Filter>
    </ClCompile>
    <ClCompile Include="local_layer.c">
      <Filter>Source Files</Filter>
    </ClCompile>
    <ClCompile Include="maxpool_layer.c">
      <Filter>Source Files</Filter>
    </ClCompile>
    <ClCompile Include="normalization_layer.c">
      <Filter>Source Files</Filter>
    </ClCompile>
    <ClCompile Include="option_list.c">
      <Filter>Source Files</Filter>
    </ClCompile>
    <ClCompile Include="region_layer.c">
      <Filter>Source Files</Filter>
    </ClCompile>
    <ClCompile Include="reorg_layer.c">
      <Filter>Source Files</Filter>
    </ClCompile>
    <ClCompile Include="rnn_layer.c">
      <Filter>Source Files</Filter>
    </ClCompile>
    <ClCompile Include="route_layer.c">
      <Filter>Source Files</Filter>
    </ClCompile>
    <ClCompile Include="shortcut_layer.c">
      <Filter>Source Files</Filter>
    </ClCompile>
    <ClCompile Include="softmax_layer.c">
      <Filter>Source Files</Filter>
    </ClCompile>
    <ClCompile Include="lstm_layer.c">
      <Filter>Source Files</Filter>
    </ClCompile>
    <ClCompile Include="matrix.c">
      <Filter>Source Files</Filter>
    </ClCompile>
    <ClCompile Include="tree.c">
      <Filter>Source Files</Filter>
    </ClCompile>
    <ClCompile Include="data.c">
      <Filter>Source Files</Filter>
    </ClCompile>
    <ClCompile Include="layers.c">
      <Filter>Source Files</Filter>
    </ClCompile>
  </ItemGroup>
</Project>