
Microsoft Visual Studio Solution File, Format Version 12.00
# Visual Studio Version 17
VisualStudioVersion = 17.2.32630.192
MinimumVisualStudioVersion = 10.0.40219.1
Project("{FAE04EC0-301F-11D3-BF4B-00C04F79EFBC}") = "ToastMe", "ToastMe.csproj", "{E51103A9-1593-4668-8EE3-83F992014A50}"
EndProject
Global
	GlobalSection(SolutionConfigurationPlatforms) = preSolution
		Debug|Any CPU = Debug|Any CPU
		Release|Any CPU = Release|Any CPU
	EndGlobalSection
	GlobalSection(ProjectConfigurationPlatforms) = postSolution
		{E51103A9-1593-4668-8EE3-83F992014A50}.Debug|Any CPU.ActiveCfg = Debug|Any CPU
		{E51103A9-1593-4668-8EE3-83F992014A50}.Debug|Any CPU.Build.0 = Debug|Any CPU
		{E51103A9-1593-4668-8EE3-83F992014A50}.Release|Any CPU.ActiveCfg = Release|Any CPU
		{E51103A9-1593-4668-8EE3-83F992014A50}.Release|Any CPU.Build.0 = Release|Any CPU
	EndGlobalSection
	GlobalSection(SolutionProperties) = preSolution
		HideSolutionNode = FALSE
	EndGlobalSection
	GlobalSection(ExtensibilityGlobals) = postSolution
		SolutionGuid = {04FECD9F-7A8B-4B55-AD0A-51762743B8B4}
	EndGlobalSection
EndGlobal
