
Microsoft Visual Studio Solution File, Format Version 12.00
# Visual Studio 14
VisualStudioVersion = 14.0.22823.1
MinimumVisualStudioVersion = 10.0.40219.1
Project("{2150E333-8FDC-42A3-9474-1A3956D46DE8}") = "GasBook", "GasBook", "{DF27FA5D-F9D5-432E-A4F6-773FDA846923}"
EndProject
Project("{FAE04EC0-301F-11D3-BF4B-00C04F79EFBC}") = "GasBook.Windows", "GasBook\GasBook.Windows\GasBook.Windows.csproj", "{8B849ABD-F0CC-47DF-85DE-39A5E940DC86}"
EndProject
Project("{FAE04EC0-301F-11D3-BF4B-00C04F79EFBC}") = "GasBook.WindowsPhone", "GasBook\GasBook.WindowsPhone\GasBook.WindowsPhone.csproj", "{02726BA5-AE7A-4494-A96B-F02E004F3E83}"
EndProject
Project("{FAE04EC0-301F-11D3-BF4B-00C04F79EFBC}") = "SharedLibrary", "SharedLibrary\SharedLibrary.csproj", "{89D79CF5-B009-40BF-8C5E-0C320F70E9FD}"
EndProject
Global
	GlobalSection(SolutionConfigurationPlatforms) = preSolution
		Debug|Any CPU = Debug|Any CPU
		Debug|ARM = Debug|ARM
		Debug|x64 = Debug|x64
		Debug|x86 = Debug|x86
		Release|Any CPU = Release|Any CPU
		Release|ARM = Release|ARM
		Release|x64 = Release|x64
		Release|x86 = Release|x86
	EndGlobalSection
	GlobalSection(ProjectConfigurationPlatforms) = postSolution
		{8B849ABD-F0CC-47DF-85DE-39A5E940DC86}.Debug|Any CPU.ActiveCfg = Debug|Any CPU
		{8B849ABD-F0CC-47DF-85DE-39A5E940DC86}.Debug|Any CPU.Build.0 = Debug|Any CPU
		{8B849ABD-F0CC-47DF-85DE-39A5E940DC86}.Debug|Any CPU.Deploy.0 = Debug|Any CPU
		{8B849ABD-F0CC-47DF-85DE-39A5E940DC86}.Debug|ARM.ActiveCfg = Debug|ARM
		{8B849ABD-F0CC-47DF-85DE-39A5E940DC86}.Debug|ARM.Build.0 = Debug|ARM
		{8B849ABD-F0CC-47DF-85DE-39A5E940DC86}.Debug|ARM.Deploy.0 = Debug|ARM
		{8B849ABD-F0CC-47DF-85DE-39A5E940DC86}.Debug|x64.ActiveCfg = Debug|x64
		{8B849ABD-F0CC-47DF-85DE-39A5E940DC86}.Debug|x64.Build.0 = Debug|x64
		{8B849ABD-F0CC-47DF-85DE-39A5E940DC86}.Debug|x64.Deploy.0 = Debug|x64
		{8B849ABD-F0CC-47DF-85DE-39A5E940DC86}.Debug|x86.ActiveCfg = Debug|x86
		{8B849ABD-F0CC-47DF-85DE-39A5E940DC86}.Debug|x86.Build.0 = Debug|x86
		{8B849ABD-F0CC-47DF-85DE-39A5E940DC86}.Debug|x86.Deploy.0 = Debug|x86
		{8B849ABD-F0CC-47DF-85DE-39A5E940DC86}.Release|Any CPU.ActiveCfg = Release|Any CPU
		{8B849ABD-F0CC-47DF-85DE-39A5E940DC86}.Release|Any CPU.Build.0 = Release|Any CPU
		{8B849ABD-F0CC-47DF-85DE-39A5E940DC86}.Release|Any CPU.Deploy.0 = Release|Any CPU
		{8B849ABD-F0CC-47DF-85DE-39A5E940DC86}.Release|ARM.ActiveCfg = Release|ARM
		{8B849ABD-F0CC-47DF-85DE-39A5E940DC86}.Release|ARM.Build.0 = Release|ARM
		{8B849ABD-F0CC-47DF-85DE-39A5E940DC86}.Release|ARM.Deploy.0 = Release|ARM
		{8B849ABD-F0CC-47DF-85DE-39A5E940DC86}.Release|x64.ActiveCfg = Release|x64
		{8B849ABD-F0CC-47DF-85DE-39A5E940DC86}.Release|x64.Build.0 = Release|x64
		{8B849ABD-F0CC-47DF-85DE-39A5E940DC86}.Release|x64.Deploy.0 = Release|x64
		{8B849ABD-F0CC-47DF-85DE-39A5E940DC86}.Release|x86.ActiveCfg = Release|x86
		{8B849ABD-F0CC-47DF-85DE-39A5E940DC86}.Release|x86.Build.0 = Release|x86
		{8B849ABD-F0CC-47DF-85DE-39A5E940DC86}.Release|x86.Deploy.0 = Release|x86
		{02726BA5-AE7A-4494-A96B-F02E004F3E83}.Debug|Any CPU.ActiveCfg = Debug|Any CPU
		{02726BA5-AE7A-4494-A96B-F02E004F3E83}.Debug|Any CPU.Build.0 = Debug|Any CPU
		{02726BA5-AE7A-4494-A96B-F02E004F3E83}.Debug|Any CPU.Deploy.0 = Debug|Any CPU
		{02726BA5-AE7A-4494-A96B-F02E004F3E83}.Debug|ARM.ActiveCfg = Debug|ARM
		{02726BA5-AE7A-4494-A96B-F02E004F3E83}.Debug|ARM.Build.0 = Debug|ARM
		{02726BA5-AE7A-4494-A96B-F02E004F3E83}.Debug|ARM.Deploy.0 = Debug|ARM
		{02726BA5-AE7A-4494-A96B-F02E004F3E83}.Debug|x64.ActiveCfg = Debug|Any CPU
		{02726BA5-AE7A-4494-A96B-F02E004F3E83}.Debug|x64.Build.0 = Debug|Any CPU
		{02726BA5-AE7A-4494-A96B-F02E004F3E83}.Debug|x64.Deploy.0 = Debug|Any CPU
		{02726BA5-AE7A-4494-A96B-F02E004F3E83}.Debug|x86.ActiveCfg = Debug|x86
		{02726BA5-AE7A-4494-A96B-F02E004F3E83}.Debug|x86.Build.0 = Debug|x86
		{02726BA5-AE7A-4494-A96B-F02E004F3E83}.Debug|x86.Deploy.0 = Debug|x86
		{02726BA5-AE7A-4494-A96B-F02E004F3E83}.Release|Any CPU.ActiveCfg = Release|Any CPU
		{02726BA5-AE7A-4494-A96B-F02E004F3E83}.Release|Any CPU.Build.0 = Release|Any CPU
		{02726BA5-AE7A-4494-A96B-F02E004F3E83}.Release|Any CPU.Deploy.0 = Release|Any CPU
		{02726BA5-AE7A-4494-A96B-F02E004F3E83}.Release|ARM.ActiveCfg = Release|ARM
		{02726BA5-AE7A-4494-A96B-F02E004F3E83}.Release|ARM.Build.0 = Release|ARM
		{02726BA5-AE7A-4494-A96B-F02E004F3E83}.Release|ARM.Deploy.0 = Release|ARM
		{02726BA5-AE7A-4494-A96B-F02E004F3E83}.Release|x64.ActiveCfg = Release|Any CPU
		{02726BA5-AE7A-4494-A96B-F02E004F3E83}.Release|x64.Build.0 = Release|Any CPU
		{02726BA5-AE7A-4494-A96B-F02E004F3E83}.Release|x64.Deploy.0 = Release|Any CPU
		{02726BA5-AE7A-4494-A96B-F02E004F3E83}.Release|x86.ActiveCfg = Release|x86
		{02726BA5-AE7A-4494-A96B-F02E004F3E83}.Release|x86.Build.0 = Release|x86
		{02726BA5-AE7A-4494-A96B-F02E004F3E83}.Release|x86.Deploy.0 = Release|x86
		{89D79CF5-B009-40BF-8C5E-0C320F70E9FD}.Debug|Any CPU.ActiveCfg = Debug|Any CPU
		{89D79CF5-B009-40BF-8C5E-0C320F70E9FD}.Debug|Any CPU.Build.0 = Debug|Any CPU
		{89D79CF5-B009-40BF-8C5E-0C320F70E9FD}.Debug|ARM.ActiveCfg = Debug|Any CPU
		{89D79CF5-B009-40BF-8C5E-0C320F70E9FD}.Debug|ARM.Build.0 = Debug|Any CPU
		{89D79CF5-B009-40BF-8C5E-0C320F70E9FD}.Debug|x64.ActiveCfg = Debug|Any CPU
		{89D79CF5-B009-40BF-8C5E-0C320F70E9FD}.Debug|x64.Build.0 = Debug|Any CPU
		{89D79CF5-B009-40BF-8C5E-0C320F70E9FD}.Debug|x86.ActiveCfg = Debug|Any CPU
		{89D79CF5-B009-40BF-8C5E-0C320F70E9FD}.Debug|x86.Build.0 = Debug|Any CPU
		{89D79CF5-B009-40BF-8C5E-0C320F70E9FD}.Release|Any CPU.ActiveCfg = Release|Any CPU
		{89D79CF5-B009-40BF-8C5E-0C320F70E9FD}.Release|Any CPU.Build.0 = Release|Any CPU
		{89D79CF5-B009-40BF-8C5E-0C320F70E9FD}.Release|ARM.ActiveCfg = Release|Any CPU
		{89D79CF5-B009-40BF-8C5E-0C320F70E9FD}.Release|ARM.Build.0 = Release|Any CPU
		{89D79CF5-B009-40BF-8C5E-0C320F70E9FD}.Release|x64.ActiveCfg = Release|Any CPU
		{89D79CF5-B009-40BF-8C5E-0C320F70E9FD}.Release|x64.Build.0 = Release|Any CPU
		{89D79CF5-B009-40BF-8C5E-0C320F70E9FD}.Release|x86.ActiveCfg = Release|Any CPU
		{89D79CF5-B009-40BF-8C5E-0C320F70E9FD}.Release|x86.Build.0 = Release|Any CPU
	EndGlobalSection
	GlobalSection(SolutionProperties) = preSolution
		HideSolutionNode = FALSE
	EndGlobalSection
	GlobalSection(NestedProjects) = preSolution
		{8B849ABD-F0CC-47DF-85DE-39A5E940DC86} = {DF27FA5D-F9D5-432E-A4F6-773FDA846923}
		{02726BA5-AE7A-4494-A96B-F02E004F3E83} = {DF27FA5D-F9D5-432E-A4F6-773FDA846923}
		{89D79CF5-B009-40BF-8C5E-0C320F70E9FD} = {DF27FA5D-F9D5-432E-A4F6-773FDA846923}
	EndGlobalSection
EndGlobal
