
Microsoft Visual Studio Solution File, Format Version 12.00
# Visual Studio 2013
VisualStudioVersion = 12.0.21120.0
MinimumVisualStudioVersion = 10.0.40219.1
Project("{FAE04EC0-301F-11D3-BF4B-00C04F79EFBC}") = "XamlImage", "XamlImage\XamlImage.csproj", "{37B240CB-4F4F-47A4-BF0F-526126CF4BCA}"
EndProject
Global
	GlobalSection(TeamFoundationVersionControl) = preSolution
		SccNumberOfProjects = 2
		SccEnterpriseProvider = {4CA58AB2-18FA-4F8D-95D4-32DDF27D184C}
		SccTeamFoundationServer = https://lovettsoftware.visualstudio.com/defaultcollection
		SccLocalPath0 = .
		SccProjectUniqueName1 = XamlImage\\XamlImage.csproj
		SccProjectName1 = XamlImage
		SccLocalPath1 = XamlImage
	EndGlobalSection
	GlobalSection(SolutionConfigurationPlatforms) = preSolution
		Debug|Any CPU = Debug|Any CPU
		Release|Any CPU = Release|Any CPU
	EndGlobalSection
	GlobalSection(ProjectConfigurationPlatforms) = postSolution
		{37B240CB-4F4F-47A4-BF0F-526126CF4BCA}.Debug|Any CPU.ActiveCfg = Debug|Any CPU
		{37B240CB-4F4F-47A4-BF0F-526126CF4BCA}.Debug|Any CPU.Build.0 = Debug|Any CPU
		{37B240CB-4F4F-47A4-BF0F-526126CF4BCA}.Release|Any CPU.ActiveCfg = Release|Any CPU
		{37B240CB-4F4F-47A4-BF0F-526126CF4BCA}.Release|Any CPU.Build.0 = Release|Any CPU
	EndGlobalSection
	GlobalSection(SolutionProperties) = preSolution
		HideSolutionNode = FALSE
	EndGlobalSection
EndGlobal
