
Microsoft Visual Studio Solution File, Format Version 12.00
# Visual Studio Version 17
VisualStudioVersion = 17.4.33103.184
MinimumVisualStudioVersion = 10.0.40219.1
Project("{FAE04EC0-301F-11D3-BF4B-00C04F79EFBC}") = "WpfAppBarButtonStyles", "WpfAppBarButtonStyles.csproj", "{CCFBC984-F98B-409D-8CC1-BAB66F0AC969}"
EndProject
Global
	GlobalSection(SolutionConfigurationPlatforms) = preSolution
		Debug|Any CPU = Debug|Any CPU
		Release|Any CPU = Release|Any CPU
	EndGlobalSection
	GlobalSection(ProjectConfigurationPlatforms) = postSolution
		{CCFBC984-F98B-409D-8CC1-BAB66F0AC969}.Debug|Any CPU.ActiveCfg = Debug|Any CPU
		{CCFBC984-F98B-409D-8CC1-BAB66F0AC969}.Debug|Any CPU.Build.0 = Debug|Any CPU
		{CCFBC984-F98B-409D-8CC1-BAB66F0AC969}.Release|Any CPU.ActiveCfg = Release|Any CPU
		{CCFBC984-F98B-409D-8CC1-BAB66F0AC969}.Release|Any CPU.Build.0 = Release|Any CPU
	EndGlobalSection
	GlobalSection(SolutionProperties) = preSolution
		HideSolutionNode = FALSE
	EndGlobalSection
	GlobalSection(ExtensibilityGlobals) = postSolution
		SolutionGuid = {5055C8A6-11B1-42E5-B2D5-80009357D81E}
	EndGlobalSection
EndGlobal
