
Microsoft Visual Studio Solution File, Format Version 12.00
# Visual Studio 15
VisualStudioVersion = 15.0.27130.2027
MinimumVisualStudioVersion = 10.0.40219.1
Project("{FAE04EC0-301F-11D3-BF4B-00C04F79EFBC}") = "DesktopBackgroundSlideshow", "DesktopBackgroundSlideshow\DesktopBackgroundSlideshow.csproj", "{CA32F972-4E65-4914-A95A-E8182ABC4DF0}"
EndProject
Global
	GlobalSection(SolutionConfigurationPlatforms) = preSolution
		Debug|Any CPU = Debug|Any CPU
		Release|Any CPU = Release|Any CPU
	EndGlobalSection
	GlobalSection(ProjectConfigurationPlatforms) = postSolution
		{CA32F972-4E65-4914-A95A-E8182ABC4DF0}.Debug|Any CPU.ActiveCfg = Debug|Any CPU
		{CA32F972-4E65-4914-A95A-E8182ABC4DF0}.Debug|Any CPU.Build.0 = Debug|Any CPU
		{CA32F972-4E65-4914-A95A-E8182ABC4DF0}.Release|Any CPU.ActiveCfg = Release|Any CPU
		{CA32F972-4E65-4914-A95A-E8182ABC4DF0}.Release|Any CPU.Build.0 = Release|Any CPU
	EndGlobalSection
	GlobalSection(SolutionProperties) = preSolution
		HideSolutionNode = FALSE
	EndGlobalSection
	GlobalSection(ExtensibilityGlobals) = postSolution
		SolutionGuid = {64E9C952-3329-4A55-8659-5663B17CDC6B}
	EndGlobalSection
	GlobalSection(TeamFoundationVersionControl) = preSolution
		SccNumberOfProjects = 2
		SccEnterpriseProvider = {4CA58AB2-18FA-4F8D-95D4-32DDF27D184C}
		SccTeamFoundationServer = https://lovettsoftware.visualstudio.com/
		SccLocalPath0 = .
		SccProjectUniqueName1 = DesktopBackgroundSlideshow\\DesktopBackgroundSlideshow.csproj
		SccProjectName1 = DesktopBackgroundSlideshow
		SccLocalPath1 = DesktopBackgroundSlideshow
	EndGlobalSection
EndGlobal
