
Microsoft Visual Studio Solution File, Format Version 12.00
# Visual Studio 2012
Project("{FAE04EC0-301F-11D3-BF4B-00C04F79EFBC}") = "AzurePublishClickOnce", "AzurePublishClickOnce\AzurePublishClickOnce.csproj", "{2795AAE9-4E13-49E9-ABE0-28E959304F8B}"
EndProject
Global
	GlobalSection(TeamFoundationVersionControl) = preSolution
	EndGlobalSection
	GlobalSection(SolutionConfigurationPlatforms) = preSolution
		Debug|Any CPU = Debug|Any CPU
		Release|Any CPU = Release|Any CPU
	EndGlobalSection
	GlobalSection(ProjectConfigurationPlatforms) = postSolution
		{2795AAE9-4E13-49E9-ABE0-28E959304F8B}.Debug|Any CPU.ActiveCfg = Debug|Any CPU
		{2795AAE9-4E13-49E9-ABE0-28E959304F8B}.Debug|Any CPU.Build.0 = Debug|Any CPU
		{2795AAE9-4E13-49E9-ABE0-28E959304F8B}.Release|Any CPU.ActiveCfg = Release|Any CPU
		{2795AAE9-4E13-49E9-ABE0-28E959304F8B}.Release|Any CPU.Build.0 = Release|Any CPU
	EndGlobalSection
	GlobalSection(SolutionProperties) = preSolution
		HideSolutionNode = FALSE
	EndGlobalSection
EndGlobal
