
Microsoft Visual Studio Solution File, Format Version 12.00
# Visual Studio Version 17
VisualStudioVersion = 17.0.32112.339
MinimumVisualStudioVersion = 10.0.40219.1
Project("{FAE04EC0-301F-11D3-BF4B-00C04F79EFBC}") = "XmlLiteralToXElement", "XmlLiteralToXElement\XmlLiteralToXElement.csproj", "{48A95C94-0BB5-4BBF-8831-480BC658B0D7}"
EndProject
Global
	GlobalSection(SolutionConfigurationPlatforms) = preSolution
		Debug|Any CPU = Debug|Any CPU
		Release|Any CPU = Release|Any CPU
	EndGlobalSection
	GlobalSection(ProjectConfigurationPlatforms) = postSolution
		{48A95C94-0BB5-4BBF-8831-480BC658B0D7}.Debug|Any CPU.ActiveCfg = Debug|Any CPU
		{48A95C94-0BB5-4BBF-8831-480BC658B0D7}.Debug|Any CPU.Build.0 = Debug|Any CPU
		{48A95C94-0BB5-4BBF-8831-480BC658B0D7}.Release|Any CPU.ActiveCfg = Release|Any CPU
		{48A95C94-0BB5-4BBF-8831-480BC658B0D7}.Release|Any CPU.Build.0 = Release|Any CPU
	EndGlobalSection
	GlobalSection(SolutionProperties) = preSolution
		HideSolutionNode = FALSE
	EndGlobalSection
	GlobalSection(ExtensibilityGlobals) = postSolution
		SolutionGuid = {04FED2D1-BD2D-484A-A3D9-9FB76F32CF73}
	EndGlobalSection
EndGlobal
