
Microsoft Visual Studio Solution File, Format Version 12.00
# Visual Studio Version 16
VisualStudioVersion = 16.0.30907.101
MinimumVisualStudioVersion = 10.0.40219.1
Project("{FAE04EC0-301F-11D3-BF4B-00C04F79EFBC}") = "SimpleGoogleAnalytics", "GoogleAnalytics\SimpleGoogleAnalytics.csproj", "{27D467B5-83EF-4C43-BA93-0CFD6B215ADC}"
EndProject
Project("{FAE04EC0-301F-11D3-BF4B-00C04F79EFBC}") = "Test", "Test\Test.csproj", "{F065545B-3D1E-4D0C-B0CF-B3511433F8B6}"
EndProject
Global
	GlobalSection(SolutionConfigurationPlatforms) = preSolution
		Debug|Any CPU = Debug|Any CPU
		Release|Any CPU = Release|Any CPU
	EndGlobalSection
	GlobalSection(ProjectConfigurationPlatforms) = postSolution
		{27D467B5-83EF-4C43-BA93-0CFD6B215ADC}.Debug|Any CPU.ActiveCfg = Debug|Any CPU
		{27D467B5-83EF-4C43-BA93-0CFD6B215ADC}.Debug|Any CPU.Build.0 = Debug|Any CPU
		{27D467B5-83EF-4C43-BA93-0CFD6B215ADC}.Release|Any CPU.ActiveCfg = Release|Any CPU
		{27D467B5-83EF-4C43-BA93-0CFD6B215ADC}.Release|Any CPU.Build.0 = Release|Any CPU
		{F065545B-3D1E-4D0C-B0CF-B3511433F8B6}.Debug|Any CPU.ActiveCfg = Debug|Any CPU
		{F065545B-3D1E-4D0C-B0CF-B3511433F8B6}.Debug|Any CPU.Build.0 = Debug|Any CPU
		{F065545B-3D1E-4D0C-B0CF-B3511433F8B6}.Release|Any CPU.ActiveCfg = Release|Any CPU
		{F065545B-3D1E-4D0C-B0CF-B3511433F8B6}.Release|Any CPU.Build.0 = Release|Any CPU
	EndGlobalSection
	GlobalSection(SolutionProperties) = preSolution
		HideSolutionNode = FALSE
	EndGlobalSection
	GlobalSection(ExtensibilityGlobals) = postSolution
		SolutionGuid = {056C2386-0EBE-4708-99F3-462DA0C84757}
	EndGlobalSection
EndGlobal
