
Microsoft Visual Studio Solution File, Format Version 12.00
# Visual Studio 2013
VisualStudioVersion = 12.0.30304.0
MinimumVisualStudioVersion = 10.0.40219.1
Project("{FAE04EC0-301F-11D3-BF4B-00C04F79EFBC}") = "ComponentDependency", "ComponentDependency\ComponentDependency.csproj", "{6BF21FB1-51D4-45A1-8B36-B81674559D5F}"
EndProject
Global
	GlobalSection(TeamFoundationVersionControl) = preSolution
		SccNumberOfProjects = 2
		SccEnterpriseProvider = {4CA58AB2-18FA-4F8D-95D4-32DDF27D184C}
		SccTeamFoundationServer = https://lovettsoftware.visualstudio.com/defaultcollection
		SccLocalPath0 = .
		SccProjectUniqueName1 = ComponentDependency\\ComponentDependency.csproj
		SccProjectName1 = ComponentDependency
		SccLocalPath1 = ComponentDependency
	EndGlobalSection
	GlobalSection(SolutionConfigurationPlatforms) = preSolution
		Debug|Any CPU = Debug|Any CPU
		Release|Any CPU = Release|Any CPU
	EndGlobalSection
	GlobalSection(ProjectConfigurationPlatforms) = postSolution
		{6BF21FB1-51D4-45A1-8B36-B81674559D5F}.Debug|Any CPU.ActiveCfg = Debug|Any CPU
		{6BF21FB1-51D4-45A1-8B36-B81674559D5F}.Debug|Any CPU.Build.0 = Debug|Any CPU
		{6BF21FB1-51D4-45A1-8B36-B81674559D5F}.Release|Any CPU.ActiveCfg = Release|Any CPU
		{6BF21FB1-51D4-45A1-8B36-B81674559D5F}.Release|Any CPU.Build.0 = Release|Any CPU
	EndGlobalSection
	GlobalSection(SolutionProperties) = preSolution
		HideSolutionNode = FALSE
	EndGlobalSection
EndGlobal
