
Microsoft Visual Studio Solution File, Format Version 12.00
# Visual Studio Version 16
VisualStudioVersion = 16.0.29613.14
MinimumVisualStudioVersion = 10.0.40219.1
Project("{FAE04EC0-301F-11D3-BF4B-00C04F79EFBC}") = "FileTreeMap", "FileTreeMap\FileTreeMap.csproj", "{FCE98C5A-4CD2-4A43-AB6E-4808E9683033}"
EndProject
Project("{FAE04EC0-301F-11D3-BF4B-00C04F79EFBC}") = "TreeMap", "..\TreeMap\TreeMap.csproj", "{ADA92C8B-29A1-4537-B96F-94E3F2E33FA1}"
EndProject
Global
	GlobalSection(SolutionConfigurationPlatforms) = preSolution
		Debug|Any CPU = Debug|Any CPU
		Release|Any CPU = Release|Any CPU
	EndGlobalSection
	GlobalSection(ProjectConfigurationPlatforms) = postSolution
		{FCE98C5A-4CD2-4A43-AB6E-4808E9683033}.Debug|Any CPU.ActiveCfg = Debug|Any CPU
		{FCE98C5A-4CD2-4A43-AB6E-4808E9683033}.Debug|Any CPU.Build.0 = Debug|Any CPU
		{FCE98C5A-4CD2-4A43-AB6E-4808E9683033}.Release|Any CPU.ActiveCfg = Release|Any CPU
		{FCE98C5A-4CD2-4A43-AB6E-4808E9683033}.Release|Any CPU.Build.0 = Release|Any CPU
		{ADA92C8B-29A1-4537-B96F-94E3F2E33FA1}.Debug|Any CPU.ActiveCfg = Debug|Any CPU
		{ADA92C8B-29A1-4537-B96F-94E3F2E33FA1}.Debug|Any CPU.Build.0 = Debug|Any CPU
		{ADA92C8B-29A1-4537-B96F-94E3F2E33FA1}.Release|Any CPU.ActiveCfg = Release|Any CPU
		{ADA92C8B-29A1-4537-B96F-94E3F2E33FA1}.Release|Any CPU.Build.0 = Release|Any CPU
	EndGlobalSection
	GlobalSection(SolutionProperties) = preSolution
		HideSolutionNode = FALSE
	EndGlobalSection
	GlobalSection(ExtensibilityGlobals) = postSolution
		SolutionGuid = {C706EBFA-1EF9-469A-95C4-7C9CFE73C4BF}
	EndGlobalSection
EndGlobal
