
Microsoft Visual Studio Solution File, Format Version 12.00
# Visual Studio Version 17
VisualStudioVersion = 17.10.35004.147
MinimumVisualStudioVersion = 10.0.40219.1
Project("{FAE04EC0-301F-11D3-BF4B-00C04F79EFBC}") = "encode", "encode\encode.csproj", "{E729273C-D228-4DB5-B468-1851402E7C36}"
EndProject
Global
	GlobalSection(SolutionConfigurationPlatforms) = preSolution
		Debug|Any CPU = Debug|Any CPU
		Release|Any CPU = Release|Any CPU
	EndGlobalSection
	GlobalSection(ProjectConfigurationPlatforms) = postSolution
		{E729273C-D228-4DB5-B468-1851402E7C36}.Debug|Any CPU.ActiveCfg = Debug|Any CPU
		{E729273C-D228-4DB5-B468-1851402E7C36}.Debug|Any CPU.Build.0 = Debug|Any CPU
		{E729273C-D228-4DB5-B468-1851402E7C36}.Release|Any CPU.ActiveCfg = Release|Any CPU
		{E729273C-D228-4DB5-B468-1851402E7C36}.Release|Any CPU.Build.0 = Release|Any CPU
	EndGlobalSection
	GlobalSection(SolutionProperties) = preSolution
		HideSolutionNode = FALSE
	EndGlobalSection
	GlobalSection(ExtensibilityGlobals) = postSolution
		SolutionGuid = {787882DB-8675-4F94-B3E5-C06335D3DBE4}
	EndGlobalSection
EndGlobal
