
Microsoft Visual Studio Solution File, Format Version 12.00
# Visual Studio Version 16
VisualStudioVersion = 16.0.31105.61
MinimumVisualStudioVersion = 10.0.40219.1
Project("{FAE04EC0-301F-11D3-BF4B-00C04F79EFBC}") = "ColorContrast", "ColorContrast\ColorContrast.csproj", "{86AA174E-80B7-4770-ACD5-F17D64444058}"
EndProject
Global
	GlobalSection(SolutionConfigurationPlatforms) = preSolution
		Debug|Any CPU = Debug|Any CPU
		Release|Any CPU = Release|Any CPU
	EndGlobalSection
	GlobalSection(ProjectConfigurationPlatforms) = postSolution
		{86AA174E-80B7-4770-ACD5-F17D64444058}.Debug|Any CPU.ActiveCfg = Debug|Any CPU
		{86AA174E-80B7-4770-ACD5-F17D64444058}.Debug|Any CPU.Build.0 = Debug|Any CPU
		{86AA174E-80B7-4770-ACD5-F17D64444058}.Release|Any CPU.ActiveCfg = Release|Any CPU
		{86AA174E-80B7-4770-ACD5-F17D64444058}.Release|Any CPU.Build.0 = Release|Any CPU
	EndGlobalSection
	GlobalSection(SolutionProperties) = preSolution
		HideSolutionNode = FALSE
	EndGlobalSection
	GlobalSection(ExtensibilityGlobals) = postSolution
		SolutionGuid = {FD04D17F-C6EA-4A5B-B9DA-5BF838E345FC}
	EndGlobalSection
EndGlobal
