
Microsoft Visual Studio Solution File, Format Version 12.00
# Visual Studio Version 17
VisualStudioVersion = 17.5.33530.505
MinimumVisualStudioVersion = 10.0.40219.1
Project("{9A19103F-16F7-4668-BE54-9A1E7A4F7556}") = "WpfGifBuilder", "WpfGifBuilder.csproj", "{05B5A249-35DA-4B6A-AB33-6D7F052F7BBF}"
EndProject
Project("{8BC9CEB8-8B4A-11D0-8D11-00A0C91BC942}") = "AnimatedGif", "..\AnimatedGif\AnimatedGif.vcxproj", "{23FF95E4-4059-4553-8E53-E8D798BB0AAC}"
EndProject
Global
	GlobalSection(SolutionConfigurationPlatforms) = preSolution
		Debug|Any CPU = Debug|Any CPU
		Debug|x64 = Debug|x64
		Debug|x86 = Debug|x86
		Release|Any CPU = Release|Any CPU
		Release|x64 = Release|x64
		Release|x86 = Release|x86
	EndGlobalSection
	GlobalSection(ProjectConfigurationPlatforms) = postSolution
		{05B5A249-35DA-4B6A-AB33-6D7F052F7BBF}.Debug|Any CPU.ActiveCfg = Debug|Any CPU
		{05B5A249-35DA-4B6A-AB33-6D7F052F7BBF}.Debug|Any CPU.Build.0 = Debug|Any CPU
		{05B5A249-35DA-4B6A-AB33-6D7F052F7BBF}.Debug|x64.ActiveCfg = Debug|Any CPU
		{05B5A249-35DA-4B6A-AB33-6D7F052F7BBF}.Debug|x64.Build.0 = Debug|Any CPU
		{05B5A249-35DA-4B6A-AB33-6D7F052F7BBF}.Debug|x86.ActiveCfg = Debug|Any CPU
		{05B5A249-35DA-4B6A-AB33-6D7F052F7BBF}.Debug|x86.Build.0 = Debug|Any CPU
		{05B5A249-35DA-4B6A-AB33-6D7F052F7BBF}.Release|Any CPU.ActiveCfg = Release|Any CPU
		{05B5A249-35DA-4B6A-AB33-6D7F052F7BBF}.Release|Any CPU.Build.0 = Release|Any CPU
		{05B5A249-35DA-4B6A-AB33-6D7F052F7BBF}.Release|x64.ActiveCfg = Release|Any CPU
		{05B5A249-35DA-4B6A-AB33-6D7F052F7BBF}.Release|x64.Build.0 = Release|Any CPU
		{05B5A249-35DA-4B6A-AB33-6D7F052F7BBF}.Release|x86.ActiveCfg = Release|Any CPU
		{05B5A249-35DA-4B6A-AB33-6D7F052F7BBF}.Release|x86.Build.0 = Release|Any CPU
		{23FF95E4-4059-4553-8E53-E8D798BB0AAC}.Debug|Any CPU.ActiveCfg = Debug|x64
		{23FF95E4-4059-4553-8E53-E8D798BB0AAC}.Debug|Any CPU.Build.0 = Debug|x64
		{23FF95E4-4059-4553-8E53-E8D798BB0AAC}.Debug|x64.ActiveCfg = Debug|x64
		{23FF95E4-4059-4553-8E53-E8D798BB0AAC}.Debug|x64.Build.0 = Debug|x64
		{23FF95E4-4059-4553-8E53-E8D798BB0AAC}.Debug|x86.ActiveCfg = Debug|Win32
		{23FF95E4-4059-4553-8E53-E8D798BB0AAC}.Debug|x86.Build.0 = Debug|Win32
		{23FF95E4-4059-4553-8E53-E8D798BB0AAC}.Release|Any CPU.ActiveCfg = Release|x64
		{23FF95E4-4059-4553-8E53-E8D798BB0AAC}.Release|Any CPU.Build.0 = Release|x64
		{23FF95E4-4059-4553-8E53-E8D798BB0AAC}.Release|x64.ActiveCfg = Release|x64
		{23FF95E4-4059-4553-8E53-E8D798BB0AAC}.Release|x64.Build.0 = Release|x64
		{23FF95E4-4059-4553-8E53-E8D798BB0AAC}.Release|x86.ActiveCfg = Release|Win32
		{23FF95E4-4059-4553-8E53-E8D798BB0AAC}.Release|x86.Build.0 = Release|Win32
	EndGlobalSection
	GlobalSection(SolutionProperties) = preSolution
		HideSolutionNode = FALSE
	EndGlobalSection
	GlobalSection(ExtensibilityGlobals) = postSolution
		SolutionGuid = {348B88FE-E8ED-40EA-A371-6D0FDDB8167C}
	EndGlobalSection
EndGlobal
