
Microsoft Visual Studio Solution File, Format Version 12.00
# Visual Studio Version 16
VisualStudioVersion = 16.0.31702.278
MinimumVisualStudioVersion = 10.0.40219.1
Project("{9A19103F-16F7-4668-BE54-9A1E7A4F7556}") = "WpfAnimatingBarChart", "WpfAnimatingBarChart.csproj", "{10C6D930-F738-41E8-9E5D-29BF71864979}"
EndProject
Global
	GlobalSection(SolutionConfigurationPlatforms) = preSolution
		Debug|Any CPU = Debug|Any CPU
		Release|Any CPU = Release|Any CPU
	EndGlobalSection
	GlobalSection(ProjectConfigurationPlatforms) = postSolution
		{10C6D930-F738-41E8-9E5D-29BF71864979}.Debug|Any CPU.ActiveCfg = Debug|Any CPU
		{10C6D930-F738-41E8-9E5D-29BF71864979}.Debug|Any CPU.Build.0 = Debug|Any CPU
		{10C6D930-F738-41E8-9E5D-29BF71864979}.Release|Any CPU.ActiveCfg = Release|Any CPU
		{10C6D930-F738-41E8-9E5D-29BF71864979}.Release|Any CPU.Build.0 = Release|Any CPU
	EndGlobalSection
	GlobalSection(SolutionProperties) = preSolution
		HideSolutionNode = FALSE
	EndGlobalSection
	GlobalSection(ExtensibilityGlobals) = postSolution
		SolutionGuid = {1606EDB5-F90D-4859-99CB-F1B6E5566563}
	EndGlobalSection
EndGlobal
