
Microsoft Visual Studio Solution File, Format Version 12.00
# Visual Studio Version 17
VisualStudioVersion = 17.0.32126.317
MinimumVisualStudioVersion = 10.0.40219.1
Project("{FAE04EC0-301F-11D3-BF4B-00C04F79EFBC}") = "AzureRmFolder", "AzureRmFolder\AzureRmFolder.csproj", "{38F508EE-0A77-4069-8315-100BA4F5C216}"
EndProject
Global
	GlobalSection(SolutionConfigurationPlatforms) = preSolution
		Debug|Any CPU = Debug|Any CPU
		Release|Any CPU = Release|Any CPU
	EndGlobalSection
	GlobalSection(ProjectConfigurationPlatforms) = postSolution
		{38F508EE-0A77-4069-8315-100BA4F5C216}.Debug|Any CPU.ActiveCfg = Debug|Any CPU
		{38F508EE-0A77-4069-8315-100BA4F5C216}.Debug|Any CPU.Build.0 = Debug|Any CPU
		{38F508EE-0A77-4069-8315-100BA4F5C216}.Release|Any CPU.ActiveCfg = Release|Any CPU
		{38F508EE-0A77-4069-8315-100BA4F5C216}.Release|Any CPU.Build.0 = Release|Any CPU
	EndGlobalSection
	GlobalSection(SolutionProperties) = preSolution
		HideSolutionNode = FALSE
	EndGlobalSection
	GlobalSection(ExtensibilityGlobals) = postSolution
		SolutionGuid = {96F6088B-96F4-47B1-B184-5E035FBE8969}
	EndGlobalSection
EndGlobal
