
Microsoft Visual Studio Solution File, Format Version 12.00
# Visual Studio Version 17
VisualStudioVersion = 17.5.33627.172
MinimumVisualStudioVersion = 10.0.40219.1
Project("{FAE04EC0-301F-11D3-BF4B-00C04F79EFBC}") = "dtd2xsd", "dtd2xsd.csproj", "{A483916E-4D2F-42F5-AFFB-6BAEC7360212}"
EndProject
Global
	GlobalSection(SolutionConfigurationPlatforms) = preSolution
		Debug|Any CPU = Debug|Any CPU
		Release|Any CPU = Release|Any CPU
	EndGlobalSection
	GlobalSection(ProjectConfigurationPlatforms) = postSolution
		{A483916E-4D2F-42F5-AFFB-6BAEC7360212}.Debug|Any CPU.ActiveCfg = Debug|Any CPU
		{A483916E-4D2F-42F5-AFFB-6BAEC7360212}.Debug|Any CPU.Build.0 = Debug|Any CPU
		{A483916E-4D2F-42F5-AFFB-6BAEC7360212}.Release|Any CPU.ActiveCfg = Release|Any CPU
		{A483916E-4D2F-42F5-AFFB-6BAEC7360212}.Release|Any CPU.Build.0 = Release|Any CPU
	EndGlobalSection
	GlobalSection(SolutionProperties) = preSolution
		HideSolutionNode = FALSE
	EndGlobalSection
	GlobalSection(ExtensibilityGlobals) = postSolution
		SolutionGuid = {BD109EFE-873E-45C7-B275-A7F49B67584F}
	EndGlobalSection
EndGlobal
