
Microsoft Visual Studio Solution File, Format Version 12.00
# Visual Studio 2013
VisualStudioVersion = 12.0.31101.0
MinimumVisualStudioVersion = 10.0.40219.1
Project("{FAE04EC0-301F-11D3-BF4B-00C04F79EFBC}") = "EnergyHub", "EnergyHub\EnergyHub.csproj", "{9A35B2AF-55C0-4068-8395-330F3534392D}"
EndProject
Project("{8BC9CEB8-8B4A-11D0-8D11-00A0C91BC942}") = "EnergyClient", "EnergyClient\EnergyClient.vcxproj", "{976CD82D-87D6-4BD3-82EE-5C00F236CA97}"
EndProject
Project("{FAE04EC0-301F-11D3-BF4B-00C04F79EFBC}") = "UnitTest", "UnitTest\UnitTest.csproj", "{115B3A93-8018-455E-B9DF-0D0153638195}"
EndProject
Global
	GlobalSection(TeamFoundationVersionControl) = preSolution
		SccNumberOfProjects = 4
		SccEnterpriseProvider = {4CA58AB2-18FA-4F8D-95D4-32DDF27D184C}
		SccTeamFoundationServer = https://lovettsoftware.visualstudio.com/defaultcollection
		SccLocalPath0 = .
		SccProjectUniqueName1 = EnergyClient\\EnergyClient.vcxproj
		SccProjectName1 = EnergyClient
		SccLocalPath1 = EnergyClient
		SccProjectUniqueName2 = EnergyHub\\EnergyHub.csproj
		SccProjectName2 = EnergyHub
		SccLocalPath2 = EnergyHub
		SccProjectUniqueName3 = UnitTest\\UnitTest.csproj
		SccProjectName3 = UnitTest
		SccLocalPath3 = UnitTest
	EndGlobalSection
	GlobalSection(SolutionConfigurationPlatforms) = preSolution
		Debug|Any CPU = Debug|Any CPU
		Debug|ARM = Debug|ARM
		Debug|Mixed Platforms = Debug|Mixed Platforms
		Debug|Win32 = Debug|Win32
		Debug|x64 = Debug|x64
		Debug|x86 = Debug|x86
		Release|Any CPU = Release|Any CPU
		Release|ARM = Release|ARM
		Release|Mixed Platforms = Release|Mixed Platforms
		Release|Win32 = Release|Win32
		Release|x64 = Release|x64
		Release|x86 = Release|x86
	EndGlobalSection
	GlobalSection(ProjectConfigurationPlatforms) = postSolution
		{9A35B2AF-55C0-4068-8395-330F3534392D}.Debug|Any CPU.ActiveCfg = Debug|Any CPU
		{9A35B2AF-55C0-4068-8395-330F3534392D}.Debug|Any CPU.Build.0 = Debug|Any CPU
		{9A35B2AF-55C0-4068-8395-330F3534392D}.Debug|Any CPU.Deploy.0 = Debug|Any CPU
		{9A35B2AF-55C0-4068-8395-330F3534392D}.Debug|ARM.ActiveCfg = Debug|ARM
		{9A35B2AF-55C0-4068-8395-330F3534392D}.Debug|ARM.Build.0 = Debug|ARM
		{9A35B2AF-55C0-4068-8395-330F3534392D}.Debug|ARM.Deploy.0 = Debug|ARM
		{9A35B2AF-55C0-4068-8395-330F3534392D}.Debug|Mixed Platforms.ActiveCfg = Debug|x86
		{9A35B2AF-55C0-4068-8395-330F3534392D}.Debug|Mixed Platforms.Build.0 = Debug|x86
		{9A35B2AF-55C0-4068-8395-330F3534392D}.Debug|Mixed Platforms.Deploy.0 = Debug|x86
		{9A35B2AF-55C0-4068-8395-330F3534392D}.Debug|Win32.ActiveCfg = Debug|x86
		{9A35B2AF-55C0-4068-8395-330F3534392D}.Debug|Win32.Build.0 = Debug|x86
		{9A35B2AF-55C0-4068-8395-330F3534392D}.Debug|Win32.Deploy.0 = Debug|x86
		{9A35B2AF-55C0-4068-8395-330F3534392D}.Debug|x64.ActiveCfg = Debug|x64
		{9A35B2AF-55C0-4068-8395-330F3534392D}.Debug|x64.Build.0 = Debug|x64
		{9A35B2AF-55C0-4068-8395-330F3534392D}.Debug|x64.Deploy.0 = Debug|x64
		{9A35B2AF-55C0-4068-8395-330F3534392D}.Debug|x86.ActiveCfg = Debug|x86
		{9A35B2AF-55C0-4068-8395-330F3534392D}.Debug|x86.Build.0 = Debug|x86
		{9A35B2AF-55C0-4068-8395-330F3534392D}.Debug|x86.Deploy.0 = Debug|x86
		{9A35B2AF-55C0-4068-8395-330F3534392D}.Release|Any CPU.ActiveCfg = Release|Any CPU
		{9A35B2AF-55C0-4068-8395-330F3534392D}.Release|Any CPU.Build.0 = Release|Any CPU
		{9A35B2AF-55C0-4068-8395-330F3534392D}.Release|Any CPU.Deploy.0 = Release|Any CPU
		{9A35B2AF-55C0-4068-8395-330F3534392D}.Release|ARM.ActiveCfg = Release|ARM
		{9A35B2AF-55C0-4068-8395-330F3534392D}.Release|ARM.Build.0 = Release|ARM
		{9A35B2AF-55C0-4068-8395-330F3534392D}.Release|ARM.Deploy.0 = Release|ARM
		{9A35B2AF-55C0-4068-8395-330F3534392D}.Release|Mixed Platforms.ActiveCfg = Release|x86
		{9A35B2AF-55C0-4068-8395-330F3534392D}.Release|Mixed Platforms.Build.0 = Release|x86
		{9A35B2AF-55C0-4068-8395-330F3534392D}.Release|Mixed Platforms.Deploy.0 = Release|x86
		{9A35B2AF-55C0-4068-8395-330F3534392D}.Release|Win32.ActiveCfg = Release|x86
		{9A35B2AF-55C0-4068-8395-330F3534392D}.Release|Win32.Build.0 = Release|x86
		{9A35B2AF-55C0-4068-8395-330F3534392D}.Release|Win32.Deploy.0 = Release|x86
		{9A35B2AF-55C0-4068-8395-330F3534392D}.Release|x64.ActiveCfg = Release|x64
		{9A35B2AF-55C0-4068-8395-330F3534392D}.Release|x64.Build.0 = Release|x64
		{9A35B2AF-55C0-4068-8395-330F3534392D}.Release|x64.Deploy.0 = Release|x64
		{9A35B2AF-55C0-4068-8395-330F3534392D}.Release|x86.ActiveCfg = Release|x86
		{9A35B2AF-55C0-4068-8395-330F3534392D}.Release|x86.Build.0 = Release|x86
		{9A35B2AF-55C0-4068-8395-330F3534392D}.Release|x86.Deploy.0 = Release|x86
		{976CD82D-87D6-4BD3-82EE-5C00F236CA97}.Debug|Any CPU.ActiveCfg = Debug|Win32
		{976CD82D-87D6-4BD3-82EE-5C00F236CA97}.Debug|ARM.ActiveCfg = Debug|ARM
		{976CD82D-87D6-4BD3-82EE-5C00F236CA97}.Debug|ARM.Build.0 = Debug|ARM
		{976CD82D-87D6-4BD3-82EE-5C00F236CA97}.Debug|Mixed Platforms.ActiveCfg = Debug|Win32
		{976CD82D-87D6-4BD3-82EE-5C00F236CA97}.Debug|Mixed Platforms.Build.0 = Debug|Win32
		{976CD82D-87D6-4BD3-82EE-5C00F236CA97}.Debug|Win32.ActiveCfg = Debug|Win32
		{976CD82D-87D6-4BD3-82EE-5C00F236CA97}.Debug|Win32.Build.0 = Debug|Win32
		{976CD82D-87D6-4BD3-82EE-5C00F236CA97}.Debug|x64.ActiveCfg = Debug|x64
		{976CD82D-87D6-4BD3-82EE-5C00F236CA97}.Debug|x64.Build.0 = Debug|x64
		{976CD82D-87D6-4BD3-82EE-5C00F236CA97}.Debug|x86.ActiveCfg = Debug|Win32
		{976CD82D-87D6-4BD3-82EE-5C00F236CA97}.Debug|x86.Build.0 = Debug|Win32
		{976CD82D-87D6-4BD3-82EE-5C00F236CA97}.Release|Any CPU.ActiveCfg = Release|Win32
		{976CD82D-87D6-4BD3-82EE-5C00F236CA97}.Release|ARM.ActiveCfg = Release|ARM
		{976CD82D-87D6-4BD3-82EE-5C00F236CA97}.Release|ARM.Build.0 = Release|ARM
		{976CD82D-87D6-4BD3-82EE-5C00F236CA97}.Release|Mixed Platforms.ActiveCfg = Release|Win32
		{976CD82D-87D6-4BD3-82EE-5C00F236CA97}.Release|Mixed Platforms.Build.0 = Release|Win32
		{976CD82D-87D6-4BD3-82EE-5C00F236CA97}.Release|Win32.ActiveCfg = Release|Win32
		{976CD82D-87D6-4BD3-82EE-5C00F236CA97}.Release|Win32.Build.0 = Release|Win32
		{976CD82D-87D6-4BD3-82EE-5C00F236CA97}.Release|x64.ActiveCfg = Release|x64
		{976CD82D-87D6-4BD3-82EE-5C00F236CA97}.Release|x64.Build.0 = Release|x64
		{976CD82D-87D6-4BD3-82EE-5C00F236CA97}.Release|x86.ActiveCfg = Release|Win32
		{976CD82D-87D6-4BD3-82EE-5C00F236CA97}.Release|x86.Build.0 = Release|Win32
		{115B3A93-8018-455E-B9DF-0D0153638195}.Debug|Any CPU.ActiveCfg = Debug|Any CPU
		{115B3A93-8018-455E-B9DF-0D0153638195}.Debug|Any CPU.Build.0 = Debug|Any CPU
		{115B3A93-8018-455E-B9DF-0D0153638195}.Debug|Any CPU.Deploy.0 = Debug|Any CPU
		{115B3A93-8018-455E-B9DF-0D0153638195}.Debug|ARM.ActiveCfg = Debug|ARM
		{115B3A93-8018-455E-B9DF-0D0153638195}.Debug|ARM.Build.0 = Debug|ARM
		{115B3A93-8018-455E-B9DF-0D0153638195}.Debug|ARM.Deploy.0 = Debug|ARM
		{115B3A93-8018-455E-B9DF-0D0153638195}.Debug|Mixed Platforms.ActiveCfg = Debug|x86
		{115B3A93-8018-455E-B9DF-0D0153638195}.Debug|Mixed Platforms.Build.0 = Debug|x86
		{115B3A93-8018-455E-B9DF-0D0153638195}.Debug|Mixed Platforms.Deploy.0 = Debug|x86
		{115B3A93-8018-455E-B9DF-0D0153638195}.Debug|Win32.ActiveCfg = Debug|x86
		{115B3A93-8018-455E-B9DF-0D0153638195}.Debug|Win32.Build.0 = Debug|x86
		{115B3A93-8018-455E-B9DF-0D0153638195}.Debug|Win32.Deploy.0 = Debug|x86
		{115B3A93-8018-455E-B9DF-0D0153638195}.Debug|x64.ActiveCfg = Debug|x64
		{115B3A93-8018-455E-B9DF-0D0153638195}.Debug|x64.Build.0 = Debug|x64
		{115B3A93-8018-455E-B9DF-0D0153638195}.Debug|x64.Deploy.0 = Debug|x64
		{115B3A93-8018-455E-B9DF-0D0153638195}.Debug|x86.ActiveCfg = Debug|x86
		{115B3A93-8018-455E-B9DF-0D0153638195}.Debug|x86.Build.0 = Debug|x86
		{115B3A93-8018-455E-B9DF-0D0153638195}.Debug|x86.Deploy.0 = Debug|x86
		{115B3A93-8018-455E-B9DF-0D0153638195}.Release|Any CPU.ActiveCfg = Release|Any CPU
		{115B3A93-8018-455E-B9DF-0D0153638195}.Release|Any CPU.Build.0 = Release|Any CPU
		{115B3A93-8018-455E-B9DF-0D0153638195}.Release|Any CPU.Deploy.0 = Release|Any CPU
		{115B3A93-8018-455E-B9DF-0D0153638195}.Release|ARM.ActiveCfg = Release|ARM
		{115B3A93-8018-455E-B9DF-0D0153638195}.Release|ARM.Build.0 = Release|ARM
		{115B3A93-8018-455E-B9DF-0D0153638195}.Release|ARM.Deploy.0 = Release|ARM
		{115B3A93-8018-455E-B9DF-0D0153638195}.Release|Mixed Platforms.ActiveCfg = Release|x86
		{115B3A93-8018-455E-B9DF-0D0153638195}.Release|Mixed Platforms.Build.0 = Release|x86
		{115B3A93-8018-455E-B9DF-0D0153638195}.Release|Mixed Platforms.Deploy.0 = Release|x86
		{115B3A93-8018-455E-B9DF-0D0153638195}.Release|Win32.ActiveCfg = Release|x86
		{115B3A93-8018-455E-B9DF-0D0153638195}.Release|Win32.Build.0 = Release|x86
		{115B3A93-8018-455E-B9DF-0D0153638195}.Release|Win32.Deploy.0 = Release|x86
		{115B3A93-8018-455E-B9DF-0D0153638195}.Release|x64.ActiveCfg = Release|x64
		{115B3A93-8018-455E-B9DF-0D0153638195}.Release|x64.Build.0 = Release|x64
		{115B3A93-8018-455E-B9DF-0D0153638195}.Release|x64.Deploy.0 = Release|x64
		{115B3A93-8018-455E-B9DF-0D0153638195}.Release|x86.ActiveCfg = Release|x86
		{115B3A93-8018-455E-B9DF-0D0153638195}.Release|x86.Build.0 = Release|x86
		{115B3A93-8018-455E-B9DF-0D0153638195}.Release|x86.Deploy.0 = Release|x86
	EndGlobalSection
	GlobalSection(SolutionProperties) = preSolution
		HideSolutionNode = FALSE
	EndGlobalSection
EndGlobal
