
Microsoft Visual Studio Solution File, Format Version 12.00
# Visual Studio 15
VisualStudioVersion = 15.0.28307.329
MinimumVisualStudioVersion = 10.0.40219.1
Project("{FAE04EC0-301F-11D3-BF4B-00C04F79EFBC}") = "KeyboardMonkey", "KeyboardMonkey\KeyboardMonkey.csproj", "{D2B50A63-75EB-4026-B182-08955D93FBC8}"
EndProject
Project("{FAE04EC0-301F-11D3-BF4B-00C04F79EFBC}") = "HookManager", "HookManager\HookManager.csproj", "{80FA7E6D-D384-4AB3-BB9C-F0B8FAE002A6}"
EndProject
Global
	GlobalSection(SolutionConfigurationPlatforms) = preSolution
		Debug|Any CPU = Debug|Any CPU
		Release|Any CPU = Release|Any CPU
	EndGlobalSection
	GlobalSection(ProjectConfigurationPlatforms) = postSolution
		{D2B50A63-75EB-4026-B182-08955D93FBC8}.Debug|Any CPU.ActiveCfg = Debug|Any CPU
		{D2B50A63-75EB-4026-B182-08955D93FBC8}.Debug|Any CPU.Build.0 = Debug|Any CPU
		{D2B50A63-75EB-4026-B182-08955D93FBC8}.Release|Any CPU.ActiveCfg = Release|Any CPU
		{D2B50A63-75EB-4026-B182-08955D93FBC8}.Release|Any CPU.Build.0 = Release|Any CPU
		{80FA7E6D-D384-4AB3-BB9C-F0B8FAE002A6}.Debug|Any CPU.ActiveCfg = Debug|Any CPU
		{80FA7E6D-D384-4AB3-BB9C-F0B8FAE002A6}.Debug|Any CPU.Build.0 = Debug|Any CPU
		{80FA7E6D-D384-4AB3-BB9C-F0B8FAE002A6}.Release|Any CPU.ActiveCfg = Release|Any CPU
		{80FA7E6D-D384-4AB3-BB9C-F0B8FAE002A6}.Release|Any CPU.Build.0 = Release|Any CPU
	EndGlobalSection
	GlobalSection(SolutionProperties) = preSolution
		HideSolutionNode = FALSE
	EndGlobalSection
	GlobalSection(ExtensibilityGlobals) = postSolution
		SolutionGuid = {6B15D1A8-4DB0-4E43-8CF8-B16BA0D2C853}
	EndGlobalSection
EndGlobal
