
Microsoft Visual Studio Solution File, Format Version 12.00
# Visual Studio Version 16
VisualStudioVersion = 16.0.30523.141
MinimumVisualStudioVersion = 10.0.40219.1
Project("{FAE04EC0-301F-11D3-BF4B-00C04F79EFBC}") = "SvgEditorPackage", "SvgEditorPackage.csproj", "{EA5D500F-7C8D-427D-AF9F-494856790697}"
EndProject
Global
	GlobalSection(SolutionConfigurationPlatforms) = preSolution
		Debug|Any CPU = Debug|Any CPU
		Release|Any CPU = Release|Any CPU
	EndGlobalSection
	GlobalSection(ProjectConfigurationPlatforms) = postSolution
		{EA5D500F-7C8D-427D-AF9F-494856790697}.Debug|Any CPU.ActiveCfg = Debug|Any CPU
		{EA5D500F-7C8D-427D-AF9F-494856790697}.Debug|Any CPU.Build.0 = Debug|Any CPU
		{EA5D500F-7C8D-427D-AF9F-494856790697}.Release|Any CPU.ActiveCfg = Release|Any CPU
		{EA5D500F-7C8D-427D-AF9F-494856790697}.Release|Any CPU.Build.0 = Release|Any CPU
	EndGlobalSection
	GlobalSection(SolutionProperties) = preSolution
		HideSolutionNode = FALSE
	EndGlobalSection
	GlobalSection(ExtensibilityGlobals) = postSolution
		SolutionGuid = {CEAB814F-9B80-44C9-BD15-FECA2BCF558F}
	EndGlobalSection
EndGlobal
