
Microsoft Visual Studio Solution File, Format Version 12.00
# Visual Studio 14
VisualStudioVersion = 14.0.23107.0
MinimumVisualStudioVersion = 10.0.40219.1
Project("{FAE04EC0-301F-11D3-BF4B-00C04F79EFBC}") = "DateSpinnerSample", "DateSpinnerSample.csproj", "{51317D4C-D035-4E8E-9128-0FEE9B5D3092}"
EndProject
Global
	GlobalSection(SolutionConfigurationPlatforms) = preSolution
		Debug|Any CPU = Debug|Any CPU
		Debug|ARM = Debug|ARM
		Debug|x64 = Debug|x64
		Debug|x86 = Debug|x86
		Release|Any CPU = Release|Any CPU
		Release|ARM = Release|ARM
		Release|x64 = Release|x64
		Release|x86 = Release|x86
	EndGlobalSection
	GlobalSection(ProjectConfigurationPlatforms) = postSolution
		{51317D4C-D035-4E8E-9128-0FEE9B5D3092}.Debug|Any CPU.ActiveCfg = Debug|Any CPU
		{51317D4C-D035-4E8E-9128-0FEE9B5D3092}.Debug|Any CPU.Build.0 = Debug|Any CPU
		{51317D4C-D035-4E8E-9128-0FEE9B5D3092}.Debug|Any CPU.Deploy.0 = Debug|Any CPU
		{51317D4C-D035-4E8E-9128-0FEE9B5D3092}.Debug|ARM.ActiveCfg = Debug|ARM
		{51317D4C-D035-4E8E-9128-0FEE9B5D3092}.Debug|ARM.Build.0 = Debug|ARM
		{51317D4C-D035-4E8E-9128-0FEE9B5D3092}.Debug|ARM.Deploy.0 = Debug|ARM
		{51317D4C-D035-4E8E-9128-0FEE9B5D3092}.Debug|x64.ActiveCfg = Debug|x64
		{51317D4C-D035-4E8E-9128-0FEE9B5D3092}.Debug|x64.Build.0 = Debug|x64
		{51317D4C-D035-4E8E-9128-0FEE9B5D3092}.Debug|x64.Deploy.0 = Debug|x64
		{51317D4C-D035-4E8E-9128-0FEE9B5D3092}.Debug|x86.ActiveCfg = Debug|x86
		{51317D4C-D035-4E8E-9128-0FEE9B5D3092}.Debug|x86.Build.0 = Debug|x86
		{51317D4C-D035-4E8E-9128-0FEE9B5D3092}.Debug|x86.Deploy.0 = Debug|x86
		{51317D4C-D035-4E8E-9128-0FEE9B5D3092}.Release|Any CPU.ActiveCfg = Release|Any CPU
		{51317D4C-D035-4E8E-9128-0FEE9B5D3092}.Release|Any CPU.Build.0 = Release|Any CPU
		{51317D4C-D035-4E8E-9128-0FEE9B5D3092}.Release|Any CPU.Deploy.0 = Release|Any CPU
		{51317D4C-D035-4E8E-9128-0FEE9B5D3092}.Release|ARM.ActiveCfg = Release|ARM
		{51317D4C-D035-4E8E-9128-0FEE9B5D3092}.Release|ARM.Build.0 = Release|ARM
		{51317D4C-D035-4E8E-9128-0FEE9B5D3092}.Release|ARM.Deploy.0 = Release|ARM
		{51317D4C-D035-4E8E-9128-0FEE9B5D3092}.Release|x64.ActiveCfg = Release|x64
		{51317D4C-D035-4E8E-9128-0FEE9B5D3092}.Release|x64.Build.0 = Release|x64
		{51317D4C-D035-4E8E-9128-0FEE9B5D3092}.Release|x64.Deploy.0 = Release|x64
		{51317D4C-D035-4E8E-9128-0FEE9B5D3092}.Release|x86.ActiveCfg = Release|x86
		{51317D4C-D035-4E8E-9128-0FEE9B5D3092}.Release|x86.Build.0 = Release|x86
		{51317D4C-D035-4E8E-9128-0FEE9B5D3092}.Release|x86.Deploy.0 = Release|x86
	EndGlobalSection
	GlobalSection(SolutionProperties) = preSolution
		HideSolutionNode = FALSE
	EndGlobalSection
	GlobalSection(TeamFoundationVersionControl) = preSolution
		SccNumberOfProjects = 2
		SccEnterpriseProvider = {4CA58AB2-18FA-4F8D-95D4-32DDF27D184C}
		SccTeamFoundationServer = https://lovettsoftware.visualstudio.com/defaultcollection
		SccLocalPath0 = .
		SccProjectUniqueName1 = DateSpinnerSample.csproj
		SccLocalPath1 = .
	EndGlobalSection
EndGlobal
