
Microsoft Visual Studio Solution File, Format Version 12.00
# Visual Studio Version 17
VisualStudioVersion = 17.7.34221.43
MinimumVisualStudioVersion = 10.0.40219.1
Project("{8BC9CEB8-8B4A-11D0-8D11-00A0C91BC942}") = "DriveSpaceWin32", "DriveSpaceWin32\DriveSpaceWin32.vcxproj", "{C8972253-ABC7-423C-A7A9-3658CF33832F}"
EndProject
Global
	GlobalSection(SolutionConfigurationPlatforms) = preSolution
		Debug|x64 = Debug|x64
		Debug|x86 = Debug|x86
		Release|x64 = Release|x64
		Release|x86 = Release|x86
	EndGlobalSection
	GlobalSection(ProjectConfigurationPlatforms) = postSolution
		{C8972253-ABC7-423C-A7A9-3658CF33832F}.Debug|x64.ActiveCfg = Debug|x64
		{C8972253-ABC7-423C-A7A9-3658CF33832F}.Debug|x64.Build.0 = Debug|x64
		{C8972253-ABC7-423C-A7A9-3658CF33832F}.Debug|x86.ActiveCfg = Debug|Win32
		{C8972253-ABC7-423C-A7A9-3658CF33832F}.Debug|x86.Build.0 = Debug|Win32
		{C8972253-ABC7-423C-A7A9-3658CF33832F}.Release|x64.ActiveCfg = Release|x64
		{C8972253-ABC7-423C-A7A9-3658CF33832F}.Release|x64.Build.0 = Release|x64
		{C8972253-ABC7-423C-A7A9-3658CF33832F}.Release|x86.ActiveCfg = Release|Win32
		{C8972253-ABC7-423C-A7A9-3658CF33832F}.Release|x86.Build.0 = Release|Win32
	EndGlobalSection
	GlobalSection(SolutionProperties) = preSolution
		HideSolutionNode = FALSE
	EndGlobalSection
	GlobalSection(ExtensibilityGlobals) = postSolution
		SolutionGuid = {F91EB355-0A89-4CAD-8125-08B716239AB9}
	EndGlobalSection
EndGlobal
